// !$*UTF8*$!
{
	archiveVersion = 1;
	classes = {
	};
	objectVersion = 46;
	objects = {

/* Begin PBXBuildFile section */
		DA1332CF1C6412B9002B47BD /* TWBlocNotes.m in Sources */ = {isa = PBXBuildFile; fileRef = DA1332CD1C6412B9002B47BD /* TWBlocNotes.m */; };
		DA1332D21C641753002B47BD /* TWNewNoteViewController.m in Sources */ = {isa = PBXBuildFile; fileRef = DA1332D11C641753002B47BD /* TWNewNoteViewController.m */; };
		DA1332D51C665556002B47BD /* TWEntryListTableViewController.m in Sources */ = {isa = PBXBuildFile; fileRef = DA1332D41C665556002B47BD /* TWEntryListTableViewController.m */; };
		DA18B56D1C7BE82A00D7ADD8 /* ShareViewController.m in Sources */ = {isa = PBXBuildFile; fileRef = DA18B56C1C7BE82A00D7ADD8 /* ShareViewController.m */; };
		DA18B5701C7BE82A00D7ADD8 /* MainInterface.storyboard in Resources */ = {isa = PBXBuildFile; fileRef = DA18B56E1C7BE82A00D7ADD8 /* MainInterface.storyboard */; };
		DA18B5741C7BE82A00D7ADD8 /* ShareExtension.appex in Embed App Extensions */ = {isa = PBXBuildFile; fileRef = DA18B5691C7BE82A00D7ADD8 /* ShareExtension.appex */; settings = {ATTRIBUTES = (RemoveHeadersOnCopy, ); }; };
		DA27FD391C6D42BF00876EB6 /* TWBlocNotes+CoreDataProperties.m in Sources */ = {isa = PBXBuildFile; fileRef = DA27FD381C6D42BF00876EB6 /* TWBlocNotes+CoreDataProperties.m */; };
		DA27FD3B1C6D5CCF00876EB6 /* CoreGraphics.framework in Frameworks */ = {isa = PBXBuildFile; fileRef = DA27FD3A1C6D5CCF00876EB6 /* CoreGraphics.framework */; };
		DA27FD3D1C6D5CD700876EB6 /* CoreData.framework in Frameworks */ = {isa = PBXBuildFile; fileRef = DA27FD3C1C6D5CD700876EB6 /* CoreData.framework */; };
		DA27FD3F1C6D5CDF00876EB6 /* UIKit.framework in Frameworks */ = {isa = PBXBuildFile; fileRef = DA27FD3E1C6D5CDF00876EB6 /* UIKit.framework */; };
		DA27FD411C6D5CEA00876EB6 /* Foundation.framework in Frameworks */ = {isa = PBXBuildFile; fileRef = DA27FD401C6D5CEA00876EB6 /* Foundation.framework */; };
		DA383E3B1C7FF89E00CF5503 /* TWBlocNotes.m in Sources */ = {isa = PBXBuildFile; fileRef = DA1332CD1C6412B9002B47BD /* TWBlocNotes.m */; };
		DA383E3C1C7FF96500CF5503 /* TWCoreDataStack.m in Sources */ = {isa = PBXBuildFile; fileRef = DA71512C1C62AC1800C4C791 /* TWCoreDataStack.m */; };
		DA383E3D1C7FFDD100CF5503 /* theBlocNotes.xcdatamodeld in Sources */ = {isa = PBXBuildFile; fileRef = DA5E471C1C5AEDD400DBF990 /* theBlocNotes.xcdatamodeld */; };
		DA5E47121C5AEDD400DBF990 /* main.m in Sources */ = {isa = PBXBuildFile; fileRef = DA5E47111C5AEDD400DBF990 /* main.m */; };
		DA5E47151C5AEDD400DBF990 /* AppDelegate.m in Sources */ = {isa = PBXBuildFile; fileRef = DA5E47141C5AEDD400DBF990 /* AppDelegate.m */; };
		DA5E471B1C5AEDD400DBF990 /* Main.storyboard in Resources */ = {isa = PBXBuildFile; fileRef = DA5E47191C5AEDD400DBF990 /* Main.storyboard */; };
		DA5E471E1C5AEDD400DBF990 /* theBlocNotes.xcdatamodeld in Sources */ = {isa = PBXBuildFile; fileRef = DA5E471C1C5AEDD400DBF990 /* theBlocNotes.xcdatamodeld */; };
		DA5E47201C5AEDD400DBF990 /* Assets.xcassets in Resources */ = {isa = PBXBuildFile; fileRef = DA5E471F1C5AEDD400DBF990 /* Assets.xcassets */; };
		DA5E47231C5AEDD400DBF990 /* LaunchScreen.storyboard in Resources */ = {isa = PBXBuildFile; fileRef = DA5E47211C5AEDD400DBF990 /* LaunchScreen.storyboard */; };
		DA5E472E1C5AEDD400DBF990 /* theBlocNotesTests.m in Sources */ = {isa = PBXBuildFile; fileRef = DA5E472D1C5AEDD400DBF990 /* theBlocNotesTests.m */; };
		DA5E47391C5AEDD400DBF990 /* theBlocNotesUITests.m in Sources */ = {isa = PBXBuildFile; fileRef = DA5E47381C5AEDD400DBF990 /* theBlocNotesUITests.m */; };
		DA71512D1C62AC1800C4C791 /* TWCoreDataStack.m in Sources */ = {isa = PBXBuildFile; fileRef = DA71512C1C62AC1800C4C791 /* TWCoreDataStack.m */; };
		DA7D2B8E1C9790810067B45A /* CloudKit.framework in Frameworks */ = {isa = PBXBuildFile; fileRef = DA7D2B8D1C9790810067B45A /* CloudKit.framework */; };
/* End PBXBuildFile section */

/* Begin PBXContainerItemProxy section */
		DA18B5721C7BE82A00D7ADD8 /* PBXContainerItemProxy */ = {
			isa = PBXContainerItemProxy;
			containerPortal = DA5E47051C5AEDD400DBF990 /* Project object */;
			proxyType = 1;
			remoteGlobalIDString = DA18B5681C7BE82A00D7ADD8;
			remoteInfo = ShareExtension;
		};
		DA5E472A1C5AEDD400DBF990 /* PBXContainerItemProxy */ = {
			isa = PBXContainerItemProxy;
			containerPortal = DA5E47051C5AEDD400DBF990 /* Project object */;
			proxyType = 1;
			remoteGlobalIDString = DA5E470C1C5AEDD400DBF990;
			remoteInfo = theBlocNotes;
		};
		DA5E47351C5AEDD400DBF990 /* PBXContainerItemProxy */ = {
			isa = PBXContainerItemProxy;
			containerPortal = DA5E47051C5AEDD400DBF990 /* Project object */;
			proxyType = 1;
			remoteGlobalIDString = DA5E470C1C5AEDD400DBF990;
			remoteInfo = theBlocNotes;
		};
/* End PBXContainerItemProxy section */

/* Begin PBXCopyFilesBuildPhase section */
		DA18B5781C7BE82A00D7ADD8 /* Embed App Extensions */ = {
			isa = PBXCopyFilesBuildPhase;
			buildActionMask = 2147483647;
			dstPath = "";
			dstSubfolderSpec = 13;
			files = (
				DA18B5741C7BE82A00D7ADD8 /* ShareExtension.appex in Embed App Extensions */,
			);
			name = "Embed App Extensions";
			runOnlyForDeploymentPostprocessing = 0;
		};
/* End PBXCopyFilesBuildPhase section */

/* Begin PBXFileReference section */
		DA1332CC1C6412B9002B47BD /* TWBlocNotes.h */ = {isa = PBXFileReference; fileEncoding = 4; lastKnownFileType = sourcecode.c.h; name = TWBlocNotes.h; path = ../TWBlocNotes.h; sourceTree = "<group>"; };
		DA1332CD1C6412B9002B47BD /* TWBlocNotes.m */ = {isa = PBXFileReference; fileEncoding = 4; lastKnownFileType = sourcecode.c.objc; name = TWBlocNotes.m; path = ../TWBlocNotes.m; sourceTree = "<group>"; };
		DA1332D01C641753002B47BD /* TWNewNoteViewController.h */ = {isa = PBXFileReference; fileEncoding = 4; lastKnownFileType = sourcecode.c.h; path = TWNewNoteViewController.h; sourceTree = "<group>"; };
		DA1332D11C641753002B47BD /* TWNewNoteViewController.m */ = {isa = PBXFileReference; fileEncoding = 4; lastKnownFileType = sourcecode.c.objc; path = TWNewNoteViewController.m; sourceTree = "<group>"; };
		DA1332D31C665556002B47BD /* TWEntryListTableViewController.h */ = {isa = PBXFileReference; fileEncoding = 4; lastKnownFileType = sourcecode.c.h; name = TWEntryListTableViewController.h; path = ../TWEntryListTableViewController.h; sourceTree = "<group>"; };
		DA1332D41C665556002B47BD /* TWEntryListTableViewController.m */ = {isa = PBXFileReference; fileEncoding = 4; lastKnownFileType = sourcecode.c.objc; lineEnding = 0; path = TWEntryListTableViewController.m; sourceTree = SOURCE_ROOT; };
		DA18B5691C7BE82A00D7ADD8 /* ShareExtension.appex */ = {isa = PBXFileReference; explicitFileType = "wrapper.app-extension"; includeInIndex = 0; path = ShareExtension.appex; sourceTree = BUILT_PRODUCTS_DIR; };
		DA18B56B1C7BE82A00D7ADD8 /* ShareViewController.h */ = {isa = PBXFileReference; lastKnownFileType = sourcecode.c.h; path = ShareViewController.h; sourceTree = "<group>"; };
		DA18B56C1C7BE82A00D7ADD8 /* ShareViewController.m */ = {isa = PBXFileReference; lastKnownFileType = sourcecode.c.objc; path = ShareViewController.m; sourceTree = "<group>"; };
		DA18B56F1C7BE82A00D7ADD8 /* Base */ = {isa = PBXFileReference; lastKnownFileType = file.storyboard; name = Base; path = Base.lproj/MainInterface.storyboard; sourceTree = "<group>"; };
		DA18B5711C7BE82A00D7ADD8 /* Info.plist */ = {isa = PBXFileReference; lastKnownFileType = text.plist.xml; path = Info.plist; sourceTree = "<group>"; };
		DA27FD371C6D42BF00876EB6 /* TWBlocNotes+CoreDataProperties.h */ = {isa = PBXFileReference; fileEncoding = 4; lastKnownFileType = sourcecode.c.h; path = "TWBlocNotes+CoreDataProperties.h"; sourceTree = "<group>"; };
		DA27FD381C6D42BF00876EB6 /* TWBlocNotes+CoreDataProperties.m */ = {isa = PBXFileReference; fileEncoding = 4; lastKnownFileType = sourcecode.c.objc; path = "TWBlocNotes+CoreDataProperties.m"; sourceTree = "<group>"; };
		DA27FD3A1C6D5CCF00876EB6 /* CoreGraphics.framework */ = {isa = PBXFileReference; lastKnownFileType = wrapper.framework; name = CoreGraphics.framework; path = System/Library/Frameworks/CoreGraphics.framework; sourceTree = SDKROOT; };
		DA27FD3C1C6D5CD700876EB6 /* CoreData.framework */ = {isa = PBXFileReference; lastKnownFileType = wrapper.framework; name = CoreData.framework; path = System/Library/Frameworks/CoreData.framework; sourceTree = SDKROOT; };
		DA27FD3E1C6D5CDF00876EB6 /* UIKit.framework */ = {isa = PBXFileReference; lastKnownFileType = wrapper.framework; name = UIKit.framework; path = System/Library/Frameworks/UIKit.framework; sourceTree = SDKROOT; };
		DA27FD401C6D5CEA00876EB6 /* Foundation.framework */ = {isa = PBXFileReference; lastKnownFileType = wrapper.framework; name = Foundation.framework; path = System/Library/Frameworks/Foundation.framework; sourceTree = SDKROOT; };
		DA383E3A1C7FD64900CF5503 /* ShareExtension.entitlements */ = {isa = PBXFileReference; lastKnownFileType = text.xml; path = ShareExtension.entitlements; sourceTree = "<group>"; };
		DA5E470D1C5AEDD400DBF990 /* theBlocNotes.app */ = {isa = PBXFileReference; explicitFileType = wrapper.application; includeInIndex = 0; path = theBlocNotes.app; sourceTree = BUILT_PRODUCTS_DIR; };
		DA5E47111C5AEDD400DBF990 /* main.m */ = {isa = PBXFileReference; lastKnownFileType = sourcecode.c.objc; path = main.m; sourceTree = "<group>"; };
		DA5E47131C5AEDD400DBF990 /* AppDelegate.h */ = {isa = PBXFileReference; lastKnownFileType = sourcecode.c.h; path = AppDelegate.h; sourceTree = "<group>"; };
		DA5E47141C5AEDD400DBF990 /* AppDelegate.m */ = {isa = PBXFileReference; lastKnownFileType = sourcecode.c.objc; path = AppDelegate.m; sourceTree = "<group>"; };
		DA5E471A1C5AEDD400DBF990 /* Base */ = {isa = PBXFileReference; lastKnownFileType = file.storyboard; name = Base; path = Base.lproj/Main.storyboard; sourceTree = "<group>"; };
		DA5E471D1C5AEDD400DBF990 /* theBlocNotes.xcdatamodel */ = {isa = PBXFileReference; lastKnownFileType = wrapper.xcdatamodel; path = theBlocNotes.xcdatamodel; sourceTree = "<group>"; };
		DA5E471F1C5AEDD400DBF990 /* Assets.xcassets */ = {isa = PBXFileReference; lastKnownFileType = folder.assetcatalog; path = Assets.xcassets; sourceTree = "<group>"; };
		DA5E47221C5AEDD400DBF990 /* Base */ = {isa = PBXFileReference; lastKnownFileType = file.storyboard; name = Base; path = Base.lproj/LaunchScreen.storyboard; sourceTree = "<group>"; };
		DA5E47241C5AEDD400DBF990 /* Info.plist */ = {isa = PBXFileReference; lastKnownFileType = text.plist.xml; path = Info.plist; sourceTree = "<group>"; };
		DA5E47291C5AEDD400DBF990 /* theBlocNotesTests.xctest */ = {isa = PBXFileReference; explicitFileType = wrapper.cfbundle; includeInIndex = 0; path = theBlocNotesTests.xctest; sourceTree = BUILT_PRODUCTS_DIR; };
		DA5E472D1C5AEDD400DBF990 /* theBlocNotesTests.m */ = {isa = PBXFileReference; lastKnownFileType = sourcecode.c.objc; path = theBlocNotesTests.m; sourceTree = "<group>"; };
		DA5E472F1C5AEDD400DBF990 /* Info.plist */ = {isa = PBXFileReference; lastKnownFileType = text.plist.xml; path = Info.plist; sourceTree = "<group>"; };
		DA5E47341C5AEDD400DBF990 /* theBlocNotesUITests.xctest */ = {isa = PBXFileReference; explicitFileType = wrapper.cfbundle; includeInIndex = 0; path = theBlocNotesUITests.xctest; sourceTree = BUILT_PRODUCTS_DIR; };
		DA5E47381C5AEDD400DBF990 /* theBlocNotesUITests.m */ = {isa = PBXFileReference; lastKnownFileType = sourcecode.c.objc; path = theBlocNotesUITests.m; sourceTree = "<group>"; };
		DA5E473A1C5AEDD400DBF990 /* Info.plist */ = {isa = PBXFileReference; lastKnownFileType = text.plist.xml; path = Info.plist; sourceTree = "<group>"; };
		DA71512B1C62AC1800C4C791 /* TWCoreDataStack.h */ = {isa = PBXFileReference; fileEncoding = 4; lastKnownFileType = sourcecode.c.h; name = TWCoreDataStack.h; path = ../TWCoreDataStack.h; sourceTree = "<group>"; };
		DA71512C1C62AC1800C4C791 /* TWCoreDataStack.m */ = {isa = PBXFileReference; fileEncoding = 4; lastKnownFileType = sourcecode.c.objc; name = TWCoreDataStack.m; path = ../TWCoreDataStack.m; sourceTree = "<group>"; };
		DA7D2B8D1C9790810067B45A /* CloudKit.framework */ = {isa = PBXFileReference; lastKnownFileType = wrapper.framework; name = CloudKit.framework; path = System/Library/Frameworks/CloudKit.framework; sourceTree = SDKROOT; };
		DAFD13181C7FD32B00C8B07F /* theBlocNotes.entitlements */ = {isa = PBXFileReference; lastKnownFileType = text.xml; path = theBlocNotes.entitlements; sourceTree = "<group>"; };
/* End PBXFileReference section */

/* Begin PBXFrameworksBuildPhase section */
		DA18B5661C7BE82A00D7ADD8 /* Frameworks */ = {
			isa = PBXFrameworksBuildPhase;
			buildActionMask = 2147483647;
			files = (
			);
			runOnlyForDeploymentPostprocessing = 0;
		};
		DA5E470A1C5AEDD400DBF990 /* Frameworks */ = {
			isa = PBXFrameworksBuildPhase;
			buildActionMask = 2147483647;
			files = (
				DA7D2B8E1C9790810067B45A /* CloudKit.framework in Frameworks */,
				DA27FD411C6D5CEA00876EB6 /* Foundation.framework in Frameworks */,
				DA27FD3F1C6D5CDF00876EB6 /* UIKit.framework in Frameworks */,
				DA27FD3D1C6D5CD700876EB6 /* CoreData.framework in Frameworks */,
				DA27FD3B1C6D5CCF00876EB6 /* CoreGraphics.framework in Frameworks */,
			);
			runOnlyForDeploymentPostprocessing = 0;
		};
		DA5E47261C5AEDD400DBF990 /* Frameworks */ = {
			isa = PBXFrameworksBuildPhase;
			buildActionMask = 2147483647;
			files = (
			);
			runOnlyForDeploymentPostprocessing = 0;
		};
		DA5E47311C5AEDD400DBF990 /* Frameworks */ = {
			isa = PBXFrameworksBuildPhase;
			buildActionMask = 2147483647;
			files = (
			);
			runOnlyForDeploymentPostprocessing = 0;
		};
/* End PBXFrameworksBuildPhase section */

/* Begin PBXGroup section */
		DA18B56A1C7BE82A00D7ADD8 /* ShareExtension */ = {
			isa = PBXGroup;
			children = (
				DA383E3A1C7FD64900CF5503 /* ShareExtension.entitlements */,
				DA18B56B1C7BE82A00D7ADD8 /* ShareViewController.h */,
				DA18B56C1C7BE82A00D7ADD8 /* ShareViewController.m */,
				DA18B56E1C7BE82A00D7ADD8 /* MainInterface.storyboard */,
				DA18B5711C7BE82A00D7ADD8 /* Info.plist */,
			);
			path = ShareExtension;
			sourceTree = "<group>";
		};
		DA5E47041C5AEDD400DBF990 = {
			isa = PBXGroup;
			children = (
				DA7D2B8D1C9790810067B45A /* CloudKit.framework */,
				DA27FD401C6D5CEA00876EB6 /* Foundation.framework */,
				DA27FD3E1C6D5CDF00876EB6 /* UIKit.framework */,
				DA27FD3C1C6D5CD700876EB6 /* CoreData.framework */,
				DA27FD3A1C6D5CCF00876EB6 /* CoreGraphics.framework */,
				DA27FD371C6D42BF00876EB6 /* TWBlocNotes+CoreDataProperties.h */,
				DA27FD381C6D42BF00876EB6 /* TWBlocNotes+CoreDataProperties.m */,
				DA5E470F1C5AEDD400DBF990 /* theBlocNotes */,
				DA5E472C1C5AEDD400DBF990 /* theBlocNotesTests */,
				DA5E47371C5AEDD400DBF990 /* theBlocNotesUITests */,
				DA18B56A1C7BE82A00D7ADD8 /* ShareExtension */,
				DA5E470E1C5AEDD400DBF990 /* Products */,
			);
			sourceTree = "<group>";
		};
		DA5E470E1C5AEDD400DBF990 /* Products */ = {
			isa = PBXGroup;
			children = (
				DA5E470D1C5AEDD400DBF990 /* theBlocNotes.app */,
				DA5E47291C5AEDD400DBF990 /* theBlocNotesTests.xctest */,
				DA5E47341C5AEDD400DBF990 /* theBlocNotesUITests.xctest */,
				DA18B5691C7BE82A00D7ADD8 /* ShareExtension.appex */,
			);
			name = Products;
			sourceTree = "<group>";
		};
		DA5E470F1C5AEDD400DBF990 /* theBlocNotes */ = {
			isa = PBXGroup;
			children = (
				DAFD13181C7FD32B00C8B07F /* theBlocNotes.entitlements */,
				DA5E47131C5AEDD400DBF990 /* AppDelegate.h */,
				DA5E47141C5AEDD400DBF990 /* AppDelegate.m */,
				DA1332D31C665556002B47BD /* TWEntryListTableViewController.h */,
				DA1332D41C665556002B47BD /* TWEntryListTableViewController.m */,
				DA1332D01C641753002B47BD /* TWNewNoteViewController.h */,
				DA1332D11C641753002B47BD /* TWNewNoteViewController.m */,
				DA71512B1C62AC1800C4C791 /* TWCoreDataStack.h */,
				DA71512C1C62AC1800C4C791 /* TWCoreDataStack.m */,
				DA1332CC1C6412B9002B47BD /* TWBlocNotes.h */,
				DA1332CD1C6412B9002B47BD /* TWBlocNotes.m */,
				DA5E47191C5AEDD400DBF990 /* Main.storyboard */,
				DA5E471F1C5AEDD400DBF990 /* Assets.xcassets */,
				DA5E47211C5AEDD400DBF990 /* LaunchScreen.storyboard */,
				DA5E47241C5AEDD400DBF990 /* Info.plist */,
				DA5E471C1C5AEDD400DBF990 /* theBlocNotes.xcdatamodeld */,
				DA5E47101C5AEDD400DBF990 /* Supporting Files */,
			);
			path = theBlocNotes;
			sourceTree = "<group>";
		};
		DA5E47101C5AEDD400DBF990 /* Supporting Files */ = {
			isa = PBXGroup;
			children = (
				DA5E47111C5AEDD400DBF990 /* main.m */,
			);
			name = "Supporting Files";
			sourceTree = "<group>";
		};
		DA5E472C1C5AEDD400DBF990 /* theBlocNotesTests */ = {
			isa = PBXGroup;
			children = (
				DA5E472D1C5AEDD400DBF990 /* theBlocNotesTests.m */,
				DA5E472F1C5AEDD400DBF990 /* Info.plist */,
			);
			path = theBlocNotesTests;
			sourceTree = "<group>";
		};
		DA5E47371C5AEDD400DBF990 /* theBlocNotesUITests */ = {
			isa = PBXGroup;
			children = (
				DA5E47381C5AEDD400DBF990 /* theBlocNotesUITests.m */,
				DA5E473A1C5AEDD400DBF990 /* Info.plist */,
			);
			path = theBlocNotesUITests;
			sourceTree = "<group>";
		};
/* End PBXGroup section */

/* Begin PBXNativeTarget section */
		DA18B5681C7BE82A00D7ADD8 /* ShareExtension */ = {
			isa = PBXNativeTarget;
			buildConfigurationList = DA18B5751C7BE82A00D7ADD8 /* Build configuration list for PBXNativeTarget "ShareExtension" */;
			buildPhases = (
				DA18B5651C7BE82A00D7ADD8 /* Sources */,
				DA18B5661C7BE82A00D7ADD8 /* Frameworks */,
				DA18B5671C7BE82A00D7ADD8 /* Resources */,
			);
			buildRules = (
			);
			dependencies = (
			);
			name = ShareExtension;
			productName = ShareExtension;
			productReference = DA18B5691C7BE82A00D7ADD8 /* ShareExtension.appex */;
			productType = "com.apple.product-type.app-extension";
		};
		DA5E470C1C5AEDD400DBF990 /* theBlocNotes */ = {
			isa = PBXNativeTarget;
			buildConfigurationList = DA5E473D1C5AEDD400DBF990 /* Build configuration list for PBXNativeTarget "theBlocNotes" */;
			buildPhases = (
				DA5E47091C5AEDD400DBF990 /* Sources */,
				DA5E470A1C5AEDD400DBF990 /* Frameworks */,
				DA5E470B1C5AEDD400DBF990 /* Resources */,
				DA18B5781C7BE82A00D7ADD8 /* Embed App Extensions */,
			);
			buildRules = (
			);
			dependencies = (
				DA18B5731C7BE82A00D7ADD8 /* PBXTargetDependency */,
			);
			name = theBlocNotes;
			productName = theBlocNotes;
			productReference = DA5E470D1C5AEDD400DBF990 /* theBlocNotes.app */;
			productType = "com.apple.product-type.application";
		};
		DA5E47281C5AEDD400DBF990 /* theBlocNotesTests */ = {
			isa = PBXNativeTarget;
			buildConfigurationList = DA5E47401C5AEDD400DBF990 /* Build configuration list for PBXNativeTarget "theBlocNotesTests" */;
			buildPhases = (
				DA5E47251C5AEDD400DBF990 /* Sources */,
				DA5E47261C5AEDD400DBF990 /* Frameworks */,
				DA5E47271C5AEDD400DBF990 /* Resources */,
			);
			buildRules = (
			);
			dependencies = (
				DA5E472B1C5AEDD400DBF990 /* PBXTargetDependency */,
			);
			name = theBlocNotesTests;
			productName = theBlocNotesTests;
			productReference = DA5E47291C5AEDD400DBF990 /* theBlocNotesTests.xctest */;
			productType = "com.apple.product-type.bundle.unit-test";
		};
		DA5E47331C5AEDD400DBF990 /* theBlocNotesUITests */ = {
			isa = PBXNativeTarget;
			buildConfigurationList = DA5E47431C5AEDD400DBF990 /* Build configuration list for PBXNativeTarget "theBlocNotesUITests" */;
			buildPhases = (
				DA5E47301C5AEDD400DBF990 /* Sources */,
				DA5E47311C5AEDD400DBF990 /* Frameworks */,
				DA5E47321C5AEDD400DBF990 /* Resources */,
			);
			buildRules = (
			);
			dependencies = (
				DA5E47361C5AEDD400DBF990 /* PBXTargetDependency */,
			);
			name = theBlocNotesUITests;
			productName = theBlocNotesUITests;
			productReference = DA5E47341C5AEDD400DBF990 /* theBlocNotesUITests.xctest */;
			productType = "com.apple.product-type.bundle.ui-testing";
		};
/* End PBXNativeTarget section */

/* Begin PBXProject section */
		DA5E47051C5AEDD400DBF990 /* Project object */ = {
			isa = PBXProject;
			attributes = {
				LastUpgradeCheck = 0720;
				ORGANIZATIONNAME = Bloc;
				TargetAttributes = {
					DA18B5681C7BE82A00D7ADD8 = {
						CreatedOnToolsVersion = 7.2;
						DevelopmentTeam = SQV79M6VZF;
						SystemCapabilities = {
							com.apple.ApplicationGroups.iOS = {
								enabled = 1;
							};
						};
					};
					DA5E470C1C5AEDD400DBF990 = {
						CreatedOnToolsVersion = 7.2;
						DevelopmentTeam = SQV79M6VZF;
						SystemCapabilities = {
							com.apple.ApplicationGroups.iOS = {
								enabled = 1;
							};
							com.apple.iCloud = {
								enabled = 1;
							};
						};
					};
					DA5E47281C5AEDD400DBF990 = {
						CreatedOnToolsVersion = 7.2;
						TestTargetID = DA5E470C1C5AEDD400DBF990;
					};
					DA5E47331C5AEDD400DBF990 = {
						CreatedOnToolsVersion = 7.2;
						TestTargetID = DA5E470C1C5AEDD400DBF990;
					};
				};
			};
			buildConfigurationList = DA5E47081C5AEDD400DBF990 /* Build configuration list for PBXProject "theBlocNotes" */;
			compatibilityVersion = "Xcode 3.2";
			developmentRegion = English;
			hasScannedForEncodings = 0;
			knownRegions = (
				en,
				Base,
			);
			mainGroup = DA5E47041C5AEDD400DBF990;
			productRefGroup = DA5E470E1C5AEDD400DBF990 /* Products */;
			projectDirPath = "";
			projectRoot = "";
			targets = (
				DA5E470C1C5AEDD400DBF990 /* theBlocNotes */,
				DA5E47281C5AEDD400DBF990 /* theBlocNotesTests */,
				DA5E47331C5AEDD400DBF990 /* theBlocNotesUITests */,
				DA18B5681C7BE82A00D7ADD8 /* ShareExtension */,
			);
		};
/* End PBXProject section */

/* Begin PBXResourcesBuildPhase section */
		DA18B5671C7BE82A00D7ADD8 /* Resources */ = {
			isa = PBXResourcesBuildPhase;
			buildActionMask = 2147483647;
			files = (
				DA18B5701C7BE82A00D7ADD8 /* MainInterface.storyboard in Resources */,
			);
			runOnlyForDeploymentPostprocessing = 0;
		};
		DA5E470B1C5AEDD400DBF990 /* Resources */ = {
			isa = PBXResourcesBuildPhase;
			buildActionMask = 2147483647;
			files = (
				DA5E47231C5AEDD400DBF990 /* LaunchScreen.storyboard in Resources */,
				DA5E47201C5AEDD400DBF990 /* Assets.xcassets in Resources */,
				DA5E471B1C5AEDD400DBF990 /* Main.storyboard in Resources */,
			);
			runOnlyForDeploymentPostprocessing = 0;
		};
		DA5E47271C5AEDD400DBF990 /* Resources */ = {
			isa = PBXResourcesBuildPhase;
			buildActionMask = 2147483647;
			files = (
			);
			runOnlyForDeploymentPostprocessing = 0;
		};
		DA5E47321C5AEDD400DBF990 /* Resources */ = {
			isa = PBXResourcesBuildPhase;
			buildActionMask = 2147483647;
			files = (
			);
			runOnlyForDeploymentPostprocessing = 0;
		};
/* End PBXResourcesBuildPhase section */

/* Begin PBXSourcesBuildPhase section */
		DA18B5651C7BE82A00D7ADD8 /* Sources */ = {
			isa = PBXSourcesBuildPhase;
			buildActionMask = 2147483647;
			files = (
				DA383E3C1C7FF96500CF5503 /* TWCoreDataStack.m in Sources */,
				DA383E3B1C7FF89E00CF5503 /* TWBlocNotes.m in Sources */,
				DA18B56D1C7BE82A00D7ADD8 /* ShareViewController.m in Sources */,
				DA383E3D1C7FFDD100CF5503 /* theBlocNotes.xcdatamodeld in Sources */,
			);
			runOnlyForDeploymentPostprocessing = 0;
		};
		DA5E47091C5AEDD400DBF990 /* Sources */ = {
			isa = PBXSourcesBuildPhase;
			buildActionMask = 2147483647;
			files = (
				DA1332CF1C6412B9002B47BD /* TWBlocNotes.m in Sources */,
				DA5E47151C5AEDD400DBF990 /* AppDelegate.m in Sources */,
				DA5E47121C5AEDD400DBF990 /* main.m in Sources */,
				DA1332D51C665556002B47BD /* TWEntryListTableViewController.m in Sources */,
				DA71512D1C62AC1800C4C791 /* TWCoreDataStack.m in Sources */,
				DA1332D21C641753002B47BD /* TWNewNoteViewController.m in Sources */,
				DA5E471E1C5AEDD400DBF990 /* theBlocNotes.xcdatamodeld in Sources */,
				DA27FD391C6D42BF00876EB6 /* TWBlocNotes+CoreDataProperties.m in Sources */,
			);
			runOnlyForDeploymentPostprocessing = 0;
		};
		DA5E47251C5AEDD400DBF990 /* Sources */ = {
			isa = PBXSourcesBuildPhase;
			buildActionMask = 2147483647;
			files = (
				DA5E472E1C5AEDD400DBF990 /* theBlocNotesTests.m in Sources */,
			);
			runOnlyForDeploymentPostprocessing = 0;
		};
		DA5E47301C5AEDD400DBF990 /* Sources */ = {
			isa = PBXSourcesBuildPhase;
			buildActionMask = 2147483647;
			files = (
				DA5E47391C5AEDD400DBF990 /* theBlocNotesUITests.m in Sources */,
			);
			runOnlyForDeploymentPostprocessing = 0;
		};
/* End PBXSourcesBuildPhase section */

/* Begin PBXTargetDependency section */
		DA18B5731C7BE82A00D7ADD8 /* PBXTargetDependency */ = {
			isa = PBXTargetDependency;
			target = DA18B5681C7BE82A00D7ADD8 /* ShareExtension */;
			targetProxy = DA18B5721C7BE82A00D7ADD8 /* PBXContainerItemProxy */;
		};
		DA5E472B1C5AEDD400DBF990 /* PBXTargetDependency */ = {
			isa = PBXTargetDependency;
			target = DA5E470C1C5AEDD400DBF990 /* theBlocNotes */;
			targetProxy = DA5E472A1C5AEDD400DBF990 /* PBXContainerItemProxy */;
		};
		DA5E47361C5AEDD400DBF990 /* PBXTargetDependency */ = {
			isa = PBXTargetDependency;
			target = DA5E470C1C5AEDD400DBF990 /* theBlocNotes */;
			targetProxy = DA5E47351C5AEDD400DBF990 /* PBXContainerItemProxy */;
		};
/* End PBXTargetDependency section */

/* Begin PBXVariantGroup section */
		DA18B56E1C7BE82A00D7ADD8 /* MainInterface.storyboard */ = {
			isa = PBXVariantGroup;
			children = (
				DA18B56F1C7BE82A00D7ADD8 /* Base */,
			);
			name = MainInterface.storyboard;
			sourceTree = "<group>";
		};
		DA5E47191C5AEDD400DBF990 /* Main.storyboard */ = {
			isa = PBXVariantGroup;
			children = (
				DA5E471A1C5AEDD400DBF990 /* Base */,
			);
			name = Main.storyboard;
			sourceTree = "<group>";
		};
		DA5E47211C5AEDD400DBF990 /* LaunchScreen.storyboard */ = {
			isa = PBXVariantGroup;
			children = (
				DA5E47221C5AEDD400DBF990 /* Base */,
			);
			name = LaunchScreen.storyboard;
			sourceTree = "<group>";
		};
/* End PBXVariantGroup section */

/* Begin XCBuildConfiguration section */
		DA18B5761C7BE82A00D7ADD8 /* Debug */ = {
			isa = XCBuildConfiguration;
			buildSettings = {
				CODE_SIGN_ENTITLEMENTS = ShareExtension/ShareExtension.entitlements;
				CODE_SIGN_IDENTITY = "iPhone Developer";
				"CODE_SIGN_IDENTITY[sdk=iphoneos*]" = "iPhone Developer";
				INFOPLIST_FILE = ShareExtension/Info.plist;
				LD_RUNPATH_SEARCH_PATHS = "$(inherited) @executable_path/Frameworks @executable_path/../../Frameworks";
				PRODUCT_BUNDLE_IDENTIFIER = "com-winslowt1--theBlocNotes-.theBlocNotes.ShareExtension";
				PRODUCT_NAME = "$(TARGET_NAME)";
				PROVISIONING_PROFILE = "";
				SKIP_INSTALL = YES;
			};
			name = Debug;
		};
		DA18B5771C7BE82A00D7ADD8 /* Release */ = {
			isa = XCBuildConfiguration;
			buildSettings = {
				CODE_SIGN_ENTITLEMENTS = ShareExtension/ShareExtension.entitlements;
				CODE_SIGN_IDENTITY = "iPhone Developer";
				"CODE_SIGN_IDENTITY[sdk=iphoneos*]" = "iPhone Developer";
				INFOPLIST_FILE = ShareExtension/Info.plist;
				LD_RUNPATH_SEARCH_PATHS = "$(inherited) @executable_path/Frameworks @executable_path/../../Frameworks";
				PRODUCT_BUNDLE_IDENTIFIER = "com-winslowt1--theBlocNotes-.theBlocNotes.ShareExtension";
				PRODUCT_NAME = "$(TARGET_NAME)";
				PROVISIONING_PROFILE = "";
				SKIP_INSTALL = YES;
			};
			name = Release;
		};
		DA5E473B1C5AEDD400DBF990 /* Debug */ = {
			isa = XCBuildConfiguration;
			buildSettings = {
				ALWAYS_SEARCH_USER_PATHS = NO;
				CLANG_CXX_LANGUAGE_STANDARD = "gnu++0x";
				CLANG_CXX_LIBRARY = "libc++";
				CLANG_ENABLE_MODULES = YES;
				CLANG_ENABLE_OBJC_ARC = YES;
				CLANG_WARN_BOOL_CONVERSION = YES;
				CLANG_WARN_CONSTANT_CONVERSION = YES;
				CLANG_WARN_DIRECT_OBJC_ISA_USAGE = YES_ERROR;
				CLANG_WARN_EMPTY_BODY = YES;
				CLANG_WARN_ENUM_CONVERSION = YES;
				CLANG_WARN_INT_CONVERSION = YES;
				CLANG_WARN_OBJC_ROOT_CLASS = YES_ERROR;
				CLANG_WARN_UNREACHABLE_CODE = YES;
				CLANG_WARN__DUPLICATE_METHOD_MATCH = YES;
				"CODE_SIGN_IDENTITY[sdk=iphoneos*]" = "iPhone Developer";
				COPY_PHASE_STRIP = NO;
				DEBUG_INFORMATION_FORMAT = dwarf;
				ENABLE_STRICT_OBJC_MSGSEND = YES;
				ENABLE_TESTABILITY = YES;
				GCC_C_LANGUAGE_STANDARD = gnu99;
				GCC_DYNAMIC_NO_PIC = NO;
				GCC_NO_COMMON_BLOCKS = YES;
				GCC_OPTIMIZATION_LEVEL = 0;
				GCC_PREPROCESSOR_DEFINITIONS = (
					"DEBUG=1",
					"$(inherited)",
				);
				GCC_WARN_64_TO_32_BIT_CONVERSION = YES;
				GCC_WARN_ABOUT_RETURN_TYPE = YES_ERROR;
				GCC_WARN_UNDECLARED_SELECTOR = YES;
				GCC_WARN_UNINITIALIZED_AUTOS = YES_AGGRESSIVE;
				GCC_WARN_UNUSED_FUNCTION = YES;
				GCC_WARN_UNUSED_VARIABLE = YES;
				IPHONEOS_DEPLOYMENT_TARGET = 9.2;
				MTL_ENABLE_DEBUG_INFO = YES;
				ONLY_ACTIVE_ARCH = YES;
				SDKROOT = iphoneos;
				TARGETED_DEVICE_FAMILY = "1,2";
			};
			name = Debug;
		};
		DA5E473C1C5AEDD400DBF990 /* Release */ = {
			isa = XCBuildConfiguration;
			buildSettings = {
				ALWAYS_SEARCH_USER_PATHS = NO;
				CLANG_CXX_LANGUAGE_STANDARD = "gnu++0x";
				CLANG_CXX_LIBRARY = "libc++";
				CLANG_ENABLE_MODULES = YES;
				CLANG_ENABLE_OBJC_ARC = YES;
				CLANG_WARN_BOOL_CONVERSION = YES;
				CLANG_WARN_CONSTANT_CONVERSION = YES;
				CLANG_WARN_DIRECT_OBJC_ISA_USAGE = YES_ERROR;
				CLANG_WARN_EMPTY_BODY = YES;
				CLANG_WARN_ENUM_CONVERSION = YES;
				CLANG_WARN_INT_CONVERSION = YES;
				CLANG_WARN_OBJC_ROOT_CLASS = YES_ERROR;
				CLANG_WARN_UNREACHABLE_CODE = YES;
				CLANG_WARN__DUPLICATE_METHOD_MATCH = YES;
				"CODE_SIGN_IDENTITY[sdk=iphoneos*]" = "iPhone Developer";
				COPY_PHASE_STRIP = NO;
				DEBUG_INFORMATION_FORMAT = "dwarf-with-dsym";
				ENABLE_NS_ASSERTIONS = NO;
				ENABLE_STRICT_OBJC_MSGSEND = YES;
				GCC_C_LANGUAGE_STANDARD = gnu99;
				GCC_NO_COMMON_BLOCKS = YES;
				GCC_WARN_64_TO_32_BIT_CONVERSION = YES;
				GCC_WARN_ABOUT_RETURN_TYPE = YES_ERROR;
				GCC_WARN_UNDECLARED_SELECTOR = YES;
				GCC_WARN_UNINITIALIZED_AUTOS = YES_AGGRESSIVE;
				GCC_WARN_UNUSED_FUNCTION = YES;
				GCC_WARN_UNUSED_VARIABLE = YES;
				IPHONEOS_DEPLOYMENT_TARGET = 9.2;
				MTL_ENABLE_DEBUG_INFO = NO;
				SDKROOT = iphoneos;
				TARGETED_DEVICE_FAMILY = "1,2";
				VALIDATE_PRODUCT = YES;
			};
			name = Release;
		};
		DA5E473E1C5AEDD400DBF990 /* Debug */ = {
			isa = XCBuildConfiguration;
			buildSettings = {
				ASSETCATALOG_COMPILER_APPICON_NAME = AppIcon;
				CODE_SIGN_ENTITLEMENTS = theBlocNotes/theBlocNotes.entitlements;
				CODE_SIGN_IDENTITY = "iPhone Developer";
				"CODE_SIGN_IDENTITY[sdk=iphoneos*]" = "iPhone Developer";
				INFOPLIST_FILE = theBlocNotes/Info.plist;
				LD_RUNPATH_SEARCH_PATHS = "$(inherited) @executable_path/Frameworks";
				PRODUCT_BUNDLE_IDENTIFIER = "com-winslowt1--theBlocNotes-.theBlocNotes";
				PRODUCT_NAME = "$(TARGET_NAME)";
				PROVISIONING_PROFILE = "";
				TARGETED_DEVICE_FAMILY = 1;
			};
			name = Debug;
		};
		DA5E473F1C5AEDD400DBF990 /* Release */ = {
			isa = XCBuildConfiguration;
			buildSettings = {
				ASSETCATALOG_COMPILER_APPICON_NAME = AppIcon;
				CODE_SIGN_ENTITLEMENTS = theBlocNotes/theBlocNotes.entitlements;
				CODE_SIGN_IDENTITY = "iPhone Developer";
				"CODE_SIGN_IDENTITY[sdk=iphoneos*]" = "iPhone Developer";
				INFOPLIST_FILE = theBlocNotes/Info.plist;
				LD_RUNPATH_SEARCH_PATHS = "$(inherited) @executable_path/Frameworks";
				PRODUCT_BUNDLE_IDENTIFIER = "com-winslowt1--theBlocNotes-.theBlocNotes";
				PRODUCT_NAME = "$(TARGET_NAME)";
				PROVISIONING_PROFILE = "";
				TARGETED_DEVICE_FAMILY = 1;
			};
			name = Release;
		};
		DA5E47411C5AEDD400DBF990 /* Debug */ = {
			isa = XCBuildConfiguration;
			buildSettings = {
				BUNDLE_LOADER = "$(TEST_HOST)";
				INFOPLIST_FILE = theBlocNotesTests/Info.plist;
				LD_RUNPATH_SEARCH_PATHS = "$(inherited) @executable_path/Frameworks @loader_path/Frameworks";
				PRODUCT_BUNDLE_IDENTIFIER = "com-winslowt1--theBlocNotes-.theBlocNotesTests";
				PRODUCT_NAME = "$(TARGET_NAME)";
				TEST_HOST = "$(BUILT_PRODUCTS_DIR)/theBlocNotes.app/theBlocNotes";
			};
			name = Debug;
		};
		DA5E47421C5AEDD400DBF990 /* Release */ = {
			isa = XCBuildConfiguration;
			buildSettings = {
				BUNDLE_LOADER = "$(TEST_HOST)";
				INFOPLIST_FILE = theBlocNotesTests/Info.plist;
				LD_RUNPATH_SEARCH_PATHS = "$(inherited) @executable_path/Frameworks @loader_path/Frameworks";
				PRODUCT_BUNDLE_IDENTIFIER = "com-winslowt1--theBlocNotes-.theBlocNotesTests";
				PRODUCT_NAME = "$(TARGET_NAME)";
				TEST_HOST = "$(BUILT_PRODUCTS_DIR)/theBlocNotes.app/theBlocNotes";
			};
			name = Release;
		};
		DA5E47441C5AEDD400DBF990 /* Debug */ = {
			isa = XCBuildConfiguration;
			buildSettings = {
				INFOPLIST_FILE = theBlocNotesUITests/Info.plist;
				LD_RUNPATH_SEARCH_PATHS = "$(inherited) @executable_path/Frameworks @loader_path/Frameworks";
				PRODUCT_BUNDLE_IDENTIFIER = "com-winslowt1--theBlocNotes-.theBlocNotesUITests";
				PRODUCT_NAME = "$(TARGET_NAME)";
				TEST_TARGET_NAME = theBlocNotes;
				USES_XCTRUNNER = YES;
			};
			name = Debug;
		};
		DA5E47451C5AEDD400DBF990 /* Release */ = {
			isa = XCBuildConfiguration;
			buildSettings = {
				INFOPLIST_FILE = theBlocNotesUITests/Info.plist;
				LD_RUNPATH_SEARCH_PATHS = "$(inherited) @executable_path/Frameworks @loader_path/Frameworks";
				PRODUCT_BUNDLE_IDENTIFIER = "com-winslowt1--theBlocNotes-.theBlocNotesUITests";
				PRODUCT_NAME = "$(TARGET_NAME)";
				TEST_TARGET_NAME = theBlocNotes;
				USES_XCTRUNNER = YES;
			};
			name = Release;
		};
/* End XCBuildConfiguration section */

/* Begin XCConfigurationList section */
		DA18B5751C7BE82A00D7ADD8 /* Build configuration list for PBXNativeTarget "ShareExtension" */ = {
			isa = XCConfigurationList;
			buildConfigurations = (
				DA18B5761C7BE82A00D7ADD8 /* Debug */,
				DA18B5771C7BE82A00D7ADD8 /* Release */,
			);
			defaultConfigurationIsVisible = 0;
			defaultConfigurationName = Release;
		};
		DA5E47081C5AEDD400DBF990 /* Build configuration list for PBXProject "theBlocNotes" */ = {
			isa = XCConfigurationList;
			buildConfigurations = (
				DA5E473B1C5AEDD400DBF990 /* Debug */,
				DA5E473C1C5AEDD400DBF990 /* Release */,
			);
			defaultConfigurationIsVisible = 0;
			defaultConfigurationName = Release;
		};
		DA5E473D1C5AEDD400DBF990 /* Build configuration list for PBXNativeTarget "theBlocNotes" */ = {
			isa = XCConfigurationList;
			buildConfigurations = (
				DA5E473E1C5AEDD400DBF990 /* Debug */,
				DA5E473F1C5AEDD400DBF990 /* Release */,
			);
			defaultConfigurationIsVisible = 0;
			defaultConfigurationName = Release;
		};
		DA5E47401C5AEDD400DBF990 /* Build configuration list for PBXNativeTarget "theBlocNotesTests" */ = {
			isa = XCConfigurationList;
			buildConfigurations = (
				DA5E47411C5AEDD400DBF990 /* Debug */,
				DA5E47421C5AEDD400DBF990 /* Release */,
			);
			defaultConfigurationIsVisible = 0;
			defaultConfigurationName = Release;
		};
		DA5E47431C5AEDD400DBF990 /* Build configuration list for PBXNativeTarget "theBlocNotesUITests" */ = {
			isa = XCConfigurationList;
			buildConfigurations = (
				DA5E47441C5AEDD400DBF990 /* Debug */,
				DA5E47451C5AEDD400DBF990 /* Release */,
			);
			defaultConfigurationIsVisible = 0;
			defaultConfigurationName = Release;
		};
/* End XCConfigurationList section */

/* Begin XCVersionGroup section */
		DA5E471C1C5AEDD400DBF990 /* theBlocNotes.xcdatamodeld */ = {
			isa = XCVersionGroup;
			children = (
				DA5E471D1C5AEDD400DBF990 /* theBlocNotes.xcdatamodel */,
			);
			currentVersion = DA5E471D1C5AEDD400DBF990 /* theBlocNotes.xcdatamodel */;
			path = theBlocNotes.xcdatamodeld;
			sourceTree = "<group>";
			versionGroupType = wrapper.xcdatamodel;
		};
/* End XCVersionGroup section */
	};
	rootObject = DA5E47051C5AEDD400DBF990 /* Project object */;
}
